
Microsoft Visual Studio Solution File, Format Version 12.00
# Visual Studio Version 17
VisualStudioVersion = 17.6.33829.357
MinimumVisualStudioVersion = 10.0.40219.1
Project("{FAE04EC0-301F-11D3-BF4B-00C04F79EFBC}") = "MichaelVPortfolio", "MichaelVPortfolio.csproj", "{89377306-D7BB-4751-9CF8-FCAEB4BCD81E}"
EndProject
Global
	GlobalSection(SolutionConfigurationPlatforms) = preSolution
		Debug|Any CPU = Debug|Any CPU
		Release|Any CPU = Release|Any CPU
	EndGlobalSection
	GlobalSection(ProjectConfigurationPlatforms) = postSolution
		{89377306-D7BB-4751-9CF8-FCAEB4BCD81E}.Debug|Any CPU.ActiveCfg = Debug|Any CPU
		{89377306-D7BB-4751-9CF8-FCAEB4BCD81E}.Debug|Any CPU.Build.0 = Debug|Any CPU
		{89377306-D7BB-4751-9CF8-FCAEB4BCD81E}.Release|Any CPU.ActiveCfg = Release|Any CPU
		{89377306-D7BB-4751-9CF8-FCAEB4BCD81E}.Release|Any CPU.Build.0 = Release|Any CPU
	EndGlobalSection
	GlobalSection(SolutionProperties) = preSolution
		HideSolutionNode = FALSE
	EndGlobalSection
	GlobalSection(ExtensibilityGlobals) = postSolution
		SolutionGuid = {E57E4E1B-3C84-47FD-AED3-D6B9760FF41D}
	EndGlobalSection
EndGlobal
